// !$*UTF8*$!
{
	archiveVersion = 1;
	classes = {
	};
	objectVersion = 50;
	objects = {

/* Begin PBXBuildFile section */
		BB2E0FD820F8FEC000663CAF /* AppDelegate.swift in Sources */ = {isa = PBXBuildFile; fileRef = BB2E0FD720F8FEC000663CAF /* AppDelegate.swift */; };
		BB2E0FDA20F8FEC000663CAF /* ViewController.swift in Sources */ = {isa = PBXBuildFile; fileRef = BB2E0FD920F8FEC000663CAF /* ViewController.swift */; };
		BB2E0FDD20F8FEC000663CAF /* Main.storyboard in Resources */ = {isa = PBXBuildFile; fileRef = BB2E0FDB20F8FEC000663CAF /* Main.storyboard */; };
		BB2E0FDF20F8FEC100663CAF /* Assets.xcassets in Resources */ = {isa = PBXBuildFile; fileRef = BB2E0FDE20F8FEC100663CAF /* Assets.xcassets */; };
		BB2E0FE220F8FEC100663CAF /* LaunchScreen.storyboard in Resources */ = {isa = PBXBuildFile; fileRef = BB2E0FE020F8FEC100663CAF /* LaunchScreen.storyboard */; };
/* End PBXBuildFile section */

/* Begin PBXFileReference section */
		BB2E0FD420F8FEC000663CAF /* MyRamenDataBase.app */ = {isa = PBXFileReference; explicitFileType = wrapper.application; includeInIndex = 0; path = MyRamenDataBase.app; sourceTree = BUILT_PRODUCTS_DIR; };
		BB2E0FD720F8FEC000663CAF /* AppDelegate.swift */ = {isa = PBXFileReference; lastKnownFileType = sourcecode.swift; path = AppDelegate.swift; sourceTree = "<group>"; };
		BB2E0FD920F8FEC000663CAF /* ViewController.swift */ = {isa = PBXFileReference; lastKnownFileType = sourcecode.swift; path = ViewController.swift; sourceTree = "<group>"; };
		BB2E0FDC20F8FEC000663CAF /* Base */ = {isa = PBXFileReference; lastKnownFileType = file.storyboard; name = Base; path = Base.lproj/Main.storyboard; sourceTree = "<group>"; };
		BB2E0FDE20F8FEC100663CAF /* Assets.xcassets */ = {isa = PBXFileReference; lastKnownFileType = folder.assetcatalog; path = Assets.xcassets; sourceTree = "<group>"; };
		BB2E0FE120F8FEC100663CAF /* Base */ = {isa = PBXFileReference; lastKnownFileType = file.storyboard; name = Base; path = Base.lproj/LaunchScreen.storyboard; sourceTree = "<group>"; };
		BB2E0FE320F8FEC100663CAF /* Info.plist */ = {isa = PBXFileReference; lastKnownFileType = text.plist.xml; path = Info.plist; sourceTree = "<group>"; };
/* End PBXFileReference section */

/* Begin PBXFrameworksBuildPhase section */
		BB2E0FD120F8FEC000663CAF /* Frameworks */ = {
			isa = PBXFrameworksBuildPhase;
			buildActionMask = 2147483647;
			files = (
			);
			runOnlyForDeploymentPostprocessing = 0;
		};
/* End PBXFrameworksBuildPhase section */

/* Begin PBXGroup section */
		BB2E0FCB20F8FEC000663CAF = {
			isa = PBXGroup;
			children = (
				BB2E0FD620F8FEC000663CAF /* MyRamenDataBase */,
				BB2E0FD520F8FEC000663CAF /* Products */,
			);
			sourceTree = "<group>";
		};
		BB2E0FD520F8FEC000663CAF /* Products */ = {
			isa = PBXGroup;
			children = (
				BB2E0FD420F8FEC000663CAF /* MyRamenDataBase.app */,
			);
			name = Products;
			sourceTree = "<group>";
		};
		BB2E0FD620F8FEC000663CAF /* MyRamenDataBase */ = {
			isa = PBXGroup;
			children = (
				BB2E0FD720F8FEC000663CAF /* AppDelegate.swift */,
				BB2E0FD920F8FEC000663CAF /* ViewController.swift */,
				BB2E0FDB20F8FEC000663CAF /* Main.storyboard */,
				BB2E0FDE20F8FEC100663CAF /* Assets.xcassets */,
				BB2E0FE020F8FEC100663CAF /* LaunchScreen.storyboard */,
				BB2E0FE320F8FEC100663CAF /* Info.plist */,
			);
			path = MyRamenDataBase;
			sourceTree = "<group>";
		};
/* End PBXGroup section */

/* Begin PBXNativeTarget section */
		BB2E0FD320F8FEC000663CAF /* MyRamenDataBase */ = {
			isa = PBXNativeTarget;
			buildConfigurationList = BB2E0FE620F8FEC100663CAF /* Build configuration list for PBXNativeTarget "MyRamenDataBase" */;
			buildPhases = (
				BB2E0FD020F8FEC000663CAF /* Sources */,
				BB2E0FD120F8FEC000663CAF /* Frameworks */,
				BB2E0FD220F8FEC000663CAF /* Resources */,
			);
			buildRules = (
			);
			dependencies = (
			);
			name = MyRamenDataBase;
			productName = MyRamenDataBase;
			productReference = BB2E0FD420F8FEC000663CAF /* MyRamenDataBase.app */;
			productType = "com.apple.product-type.application";
		};
/* End PBXNativeTarget section */

/* Begin PBXProject section */
		BB2E0FCC20F8FEC000663CAF /* Project object */ = {
			isa = PBXProject;
			attributes = {
				LastSwiftUpdateCheck = 0940;
				LastUpgradeCheck = 0940;
				ORGANIZATIONNAME = "佐藤　傑";
				TargetAttributes = {
					BB2E0FD320F8FEC000663CAF = {
						CreatedOnToolsVersion = 9.4.1;
					};
				};
			};
			buildConfigurationList = BB2E0FCF20F8FEC000663CAF /* Build configuration list for PBXProject "MyRamenDataBase" */;
			compatibilityVersion = "Xcode 9.3";
			developmentRegion = en;
			hasScannedForEncodings = 0;
			knownRegions = (
				en,
				Base,
			);
			mainGroup = BB2E0FCB20F8FEC000663CAF;
			productRefGroup = BB2E0FD520F8FEC000663CAF /* Products */;
			projectDirPath = "";
			projectRoot = "";
			targets = (
				BB2E0FD320F8FEC000663CAF /* MyRamenDataBase */,
			);
		};
/* End PBXProject section */

/* Begin PBXResourcesBuildPhase section */
		BB2E0FD220F8FEC000663CAF /* Resources */ = {
			isa = PBXResourcesBuildPhase;
			buildActionMask = 2147483647;
			files = (
				BB2E0FE220F8FEC100663CAF /* LaunchScreen.storyboard in Resources */,
				BB2E0FDF20F8FEC100663CAF /* Assets.xcassets in Resources */,
				BB2E0FDD20F8FEC000663CAF /* Main.storyboard in Resources */,
			);
			runOnlyForDeploymentPostprocessing = 0;
		};
/* End PBXResourcesBuildPhase section */

/* Begin PBXSourcesBuildPhase section */
		BB2E0FD020F8FEC000663CAF /* Sources */ = {
			isa = PBXSourcesBuildPhase;
			buildActionMask = 2147483647;
			files = (
				BB2E0FDA20F8FEC000663CAF /* ViewController.swift in Sources */,
				BB2E0FD820F8FEC000663CAF /* AppDelegate.swift in Sources */,
			);
			runOnlyForDeploymentPostprocessing = 0;
		};
/* End PBXSourcesBuildPhase section */

/* Begin PBXVariantGroup section */
		BB2E0FDB20F8FEC000663CAF /* Main.storyboard */ = {
			isa = PBXVariantGroup;
			children = (
				BB2E0FDC20F8FEC000663CAF /* Base */,
			);
			name = Main.storyboard;
			sourceTree = "<group>";
		};
		BB2E0FE020F8FEC100663CAF /* LaunchScreen.storyboard */ = {
			isa = PBXVariantGroup;
			children = (
				BB2E0FE120F8FEC100663CAF /* Base */,
			);
			name = LaunchScreen.storyboard;
			sourceTree = "<group>";
		};
/* End PBXVariantGroup section */

/* Begin XCBuildConfiguration section */
		BB2E0FE420F8FEC100663CAF /* Debug */ = {
			isa = XCBuildConfiguration;
			buildSettings = {
				ALWAYS_SEARCH_USER_PATHS = NO;
				CLANG_ANALYZER_NONNULL = YES;
				CLANG_ANALYZER_NUMBER_OBJECT_CONVERSION = YES_AGGRESSIVE;
				CLANG_CXX_LANGUAGE_STANDARD = "gnu++14";
				CLANG_CXX_LIBRARY = "libc++";
				CLANG_ENABLE_MODULES = YES;
				CLANG_ENABLE_OBJC_ARC = YES;
				CLANG_ENABLE_OBJC_WEAK = YES;
				CLANG_WARN_BLOCK_CAPTURE_AUTORELEASING = YES;
				CLANG_WARN_BOOL_CONVERSION = YES;
				CLANG_WARN_COMMA = YES;
				CLANG_WARN_CONSTANT_CONVERSION = YES;
				CLANG_WARN_DEPRECATED_OBJC_IMPLEMENTATIONS = YES;
				CLANG_WARN_DIRECT_OBJC_ISA_USAGE = YES_ERROR;
				CLANG_WARN_DOCUMENTATION_COMMENTS = YES;
				CLANG_WARN_EMPTY_BODY = YES;
				CLANG_WARN_ENUM_CONVERSION = YES;
				CLANG_WARN_INFINITE_RECURSION = YES;
				CLANG_WARN_INT_CONVERSION = YES;
				CLANG_WARN_NON_LITERAL_NULL_CONVERSION = YES;
				CLANG_WARN_OBJC_IMPLICIT_RETAIN_SELF = YES;
				CLANG_WARN_OBJC_LITERAL_CONVERSION = YES;
				CLANG_WARN_OBJC_ROOT_CLASS = YES_ERROR;
				CLANG_WARN_RANGE_LOOP_ANALYSIS = YES;
				CLANG_WARN_STRICT_PROTOTYPES = YES;
				CLANG_WARN_SUSPICIOUS_MOVE = YES;
				CLANG_WARN_UNGUARDED_AVAILABILITY = YES_AGGRESSIVE;
				CLANG_WARN_UNREACHABLE_CODE = YES;
				CLANG_WARN__DUPLICATE_METHOD_MATCH = YES;
				CODE_SIGN_IDENTITY = "iPhone Developer";
				COPY_PHASE_STRIP = NO;
				DEBUG_INFORMATION_FORMAT = dwarf;
				ENABLE_STRICT_OBJC_MSGSEND = YES;
				ENABLE_TESTABILITY = YES;
				GCC_C_LANGUAGE_STANDARD = gnu11;
				GCC_DYNAMIC_NO_PIC = NO;
				GCC_NO_COMMON_BLOCKS = YES;
				GCC_OPTIMIZATION_LEVEL = 0;
				GCC_PREPROCESSOR_DEFINITIONS = (
					"DEBUG=1",
					"$(inherited)",
				);
				GCC_WARN_64_TO_32_BIT_CONVERSION = YES;
				GCC_WARN_ABOUT_RETURN_TYPE = YES_ERROR;
				GCC_WARN_UNDECLARED_SELECTOR = YES;
				GCC_WARN_UNINITIALIZED_AUTOS = YES_AGGRESSIVE;
				GCC_WARN_UNUSED_FUNCTION = YES;
				GCC_WARN_UNUSED_VARIABLE = YES;
				IPHONEOS_DEPLOYMENT_TARGET = 11.4;
				MTL_ENABLE_DEBUG_INFO = YES;
				ONLY_ACTIVE_ARCH = YES;
				SDKROOT = iphoneos;
				SWIFT_ACTIVE_COMPILATION_CONDITIONS = DEBUG;
				SWIFT_OPTIMIZATION_LEVEL = "-Onone";
			};
			name = Debug;
		};
		BB2E0FE520F8FEC100663CAF /* Release */ = {
			isa = XCBuildConfiguration;
			buildSettings = {
				ALWAYS_SEARCH_USER_PATHS = NO;
				CLANG_ANALYZER_NONNULL = YES;
				CLANG_ANALYZER_NUMBER_OBJECT_CONVERSION = YES_AGGRESSIVE;
				CLANG_CXX_LANGUAGE_STANDARD = "gnu++14";
				CLANG_CXX_LIBRARY = "libc++";
				CLANG_ENABLE_MODULES = YES;
				CLANG_ENABLE_OBJC_ARC = YES;
				CLANG_ENABLE_OBJC_WEAK = YES;
				CLANG_WARN_BLOCK_CAPTURE_AUTORELEASING = YES;
				CLANG_WARN_BOOL_CONVERSION = YES;
				CLANG_WARN_COMMA = YES;
				CLANG_WARN_CONSTANT_CONVERSION = YES;
				CLANG_WARN_DEPRECATED_OBJC_IMPLEMENTATIONS = YES;
				CLANG_WARN_DIRECT_OBJC_ISA_USAGE = YES_ERROR;
				CLANG_WARN_DOCUMENTATION_COMMENTS = YES;
				CLANG_WARN_EMPTY_BODY = YES;
				CLANG_WARN_ENUM_CONVERSION = YES;
				CLANG_WARN_INFINITE_RECURSION = YES;
				CLANG_WARN_INT_CONVERSION = YES;
				CLANG_WARN_NON_LITERAL_NULL_CONVERSION = YES;
				CLANG_WARN_OBJC_IMPLICIT_RETAIN_SELF = YES;
				CLANG_WARN_OBJC_LITERAL_CONVERSION = YES;
				CLANG_WARN_OBJC_ROOT_CLASS = YES_ERROR;
				CLANG_WARN_RANGE_LOOP_ANALYSIS = YES;
				CLANG_WARN_STRICT_PROTOTYPES = YES;
				CLANG_WARN_SUSPICIOUS_MOVE = YES;
				CLANG_WARN_UNGUARDED_AVAILABILITY = YES_AGGRESSIVE;
				CLANG_WARN_UNREACHABLE_CODE = YES;
				CLANG_WARN__DUPLICATE_METHOD_MATCH = YES;
				CODE_SIGN_IDENTITY = "iPhone Developer";
				COPY_PHASE_STRIP = NO;
				DEBUG_INFORMATION_FORMAT = "dwarf-with-dsym";
				ENABLE_NS_ASSERTIONS = NO;
				ENABLE_STRICT_OBJC_MSGSEND = YES;
				GCC_C_LANGUAGE_STANDARD = gnu11;
				GCC_NO_COMMON_BLOCKS = YES;
				GCC_WARN_64_TO_32_BIT_CONVERSION = YES;
				GCC_WARN_ABOUT_RETURN_TYPE = YES_ERROR;
				GCC_WARN_UNDECLARED_SELECTOR = YES;
				GCC_WARN_UNINITIALIZED_AUTOS = YES_AGGRESSIVE;
				GCC_WARN_UNUSED_FUNCTION = YES;
				GCC_WARN_UNUSED_VARIABLE = YES;
				IPHONEOS_DEPLOYMENT_TARGET = 11.4;
				MTL_ENABLE_DEBUG_INFO = NO;
				SDKROOT = iphoneos;
				SWIFT_COMPILATION_MODE = wholemodule;
				SWIFT_OPTIMIZATION_LEVEL = "-O";
				VALIDATE_PRODUCT = YES;
			};
			name = Release;
		};
		BB2E0FE720F8FEC100663CAF /* Debug */ = {
			isa = XCBuildConfiguration;
			buildSettings = {
				ASSETCATALOG_COMPILER_APPICON_NAME = AppIcon;
				CODE_SIGN_STYLE = Automatic;
				DEVELOPMENT_TEAM = VK35SWK98K;
				INFOPLIST_FILE = MyRamenDataBase/Info.plist;
				LD_RUNPATH_SEARCH_PATHS = (
					"$(inherited)",
					"@executable_path/Frameworks",
				);
				PRODUCT_BUNDLE_IDENTIFIER = jp.sgr0416st.MyRamenDataBase;
				PRODUCT_NAME = "$(TARGET_NAME)";
				SWIFT_VERSION = 4.0;
				TARGETED_DEVICE_FAMILY = "1,2";
			};
			name = Debug;
		};
		BB2E0FE820F8FEC100663CAF /* Release */ = {
			isa = XCBuildConfiguration;
			buildSettings = {
				ASSETCATALOG_COMPILER_APPICON_NAME = AppIcon;
				CODE_SIGN_STYLE = Automatic;
				DEVELOPMENT_TEAM = VK35SWK98K;
				INFOPLIST_FILE = MyRamenDataBase/Info.plist;
				LD_RUNPATH_SEARCH_PATHS = (
					"$(inherited)",
					"@executable_path/Frameworks",
				);
				PRODUCT_BUNDLE_IDENTIFIER = jp.sgr0416st.MyRamenDataBase;
				PRODUCT_NAME = "$(TARGET_NAME)";
				SWIFT_VERSION = 4.0;
				TARGETED_DEVICE_FAMILY = "1,2";
			};
			name = Release;
		};
/* End XCBuildConfiguration section */

/* Begin XCConfigurationList section */
		BB2E0FCF20F8FEC000663CAF /* Build configuration list for PBXProject "MyRamenDataBase" */ = {
			isa = XCConfigurationList;
			buildConfigurations = (
				BB2E0FE420F8FEC100663CAF /* Debug */,
				BB2E0FE520F8FEC100663CAF /* Release */,
			);
			defaultConfigurationIsVisible = 0;
			defaultConfigurationName = Release;
		};
		BB2E0FE620F8FEC100663CAF /* Build configuration list for PBXNativeTarget "MyRamenDataBase" */ = {
			isa = XCConfigurationList;
			buildConfigurations = (
				BB2E0FE720F8FEC100663CAF /* Debug */,
				BB2E0FE820F8FEC100663CAF /* Release */,
			);
			defaultConfigurationIsVisible = 0;
			defaultConfigurationName = Release;
		};
/* End XCConfigurationList section */
	};
	rootObject = BB2E0FCC20F8FEC000663CAF /* Project object */;
}
